// !$*UTF8*$!
{
	archiveVersion = 1;
	classes = {
	};
	objectVersion = 55;
	objects = {

/* Begin PBXAggregateTarget section */
		C2EB3D55289F3E4500349BBA /* DependencyInjector-Aggregate */ = {
			isa = PBXAggregateTarget;
			buildConfigurationList = C2EB3D56289F3E4500349BBA /* Build configuration list for PBXAggregateTarget "DependencyInjector-Aggregate" */;
			buildPhases = (
				C2EB3D59289F3E5C00349BBA /* ShellScript */,
			);
			dependencies = (
				C2EB3D5B289F3E8D00349BBA /* PBXTargetDependency */,
			);
			name = "DependencyInjector-Aggregate";
			productName = "DependencyInjector-Aggregate";
		};
/* End PBXAggregateTarget section */

/* Begin PBXBuildFile section */
		C2EB3C9B289F2C3600349BBA /* DependencyInjector.docc in Sources */ = {isa = PBXBuildFile; fileRef = C2EB3C9A289F2C3600349BBA /* DependencyInjector.docc */; };
		C2EB3CA1289F2C3600349BBA /* DependencyInjector.framework in Frameworks */ = {isa = PBXBuildFile; fileRef = C2EB3C96289F2C3600349BBA /* DependencyInjector.framework */; };
		C2EB3CBA289F2D2800349BBA /* ServiceAttributes.swift in Sources */ = {isa = PBXBuildFile; fileRef = C2EB3CB1289F2D2800349BBA /* ServiceAttributes.swift */; };
		C2EB3CBB289F2D2800349BBA /* ServiceKey.swift in Sources */ = {isa = PBXBuildFile; fileRef = C2EB3CB2289F2D2800349BBA /* ServiceKey.swift */; };
		C2EB3CBC289F2D2800349BBA /* ObjectScope.swift in Sources */ = {isa = PBXBuildFile; fileRef = C2EB3CB3289F2D2800349BBA /* ObjectScope.swift */; };
		C2EB3CBD289F2D2800349BBA /* Containing.swift in Sources */ = {isa = PBXBuildFile; fileRef = C2EB3CB5289F2D2800349BBA /* Containing.swift */; };
		C2EB3CBE289F2D2800349BBA /* CacheMechanism.swift in Sources */ = {isa = PBXBuildFile; fileRef = C2EB3CB6289F2D2800349BBA /* CacheMechanism.swift */; };
		C2EB3CBF289F2D2800349BBA /* ServiceAttributesProtocol.swift in Sources */ = {isa = PBXBuildFile; fileRef = C2EB3CB7289F2D2800349BBA /* ServiceAttributesProtocol.swift */; };
		C2EB3CC0289F2D2800349BBA /* Resolving.swift in Sources */ = {isa = PBXBuildFile; fileRef = C2EB3CB8289F2D2800349BBA /* Resolving.swift */; };
		C2EB3CC1289F2D2800349BBA /* Container.swift in Sources */ = {isa = PBXBuildFile; fileRef = C2EB3CB9289F2D2800349BBA /* Container.swift */; };
		C2EB3CC6289F2D5600349BBA /* ContainerTests.swift in Sources */ = {isa = PBXBuildFile; fileRef = C2EB3CC2289F2D5600349BBA /* ContainerTests.swift */; };
		C2EB3CC7289F2D6700349BBA /* Parent+Child.swift in Sources */ = {isa = PBXBuildFile; fileRef = C2EB3CC4289F2D5600349BBA /* Parent+Child.swift */; };
		C2EB3CC8289F2D6A00349BBA /* DataRetrieving.swift in Sources */ = {isa = PBXBuildFile; fileRef = C2EB3CC5289F2D5600349BBA /* DataRetrieving.swift */; };
		C2EB3CCA289F360900349BBA /* ObjectScopeTests.swift in Sources */ = {isa = PBXBuildFile; fileRef = C2EB3CC9289F360900349BBA /* ObjectScopeTests.swift */; };
		C2EB3CCC289F374200349BBA /* ContainerStorageTests.swift in Sources */ = {isa = PBXBuildFile; fileRef = C2EB3CCB289F374200349BBA /* ContainerStorageTests.swift */; };
/* End PBXBuildFile section */

/* Begin PBXContainerItemProxy section */
		C2EB3CA2289F2C3600349BBA /* PBXContainerItemProxy */ = {
			isa = PBXContainerItemProxy;
			containerPortal = C2EB3C8D289F2C3600349BBA /* Project object */;
			proxyType = 1;
			remoteGlobalIDString = C2EB3C95289F2C3600349BBA;
			remoteInfo = DependencyInjector;
		};
		C2EB3D5A289F3E8D00349BBA /* PBXContainerItemProxy */ = {
			isa = PBXContainerItemProxy;
			containerPortal = C2EB3C8D289F2C3600349BBA /* Project object */;
			proxyType = 1;
			remoteGlobalIDString = C2EB3C95289F2C3600349BBA;
			remoteInfo = DependencyInjector;
		};
/* End PBXContainerItemProxy section */

/* Begin PBXFileReference section */
		C2EB3C96289F2C3600349BBA /* DependencyInjector.framework */ = {isa = PBXFileReference; explicitFileType = wrapper.framework; includeInIndex = 0; path = DependencyInjector.framework; sourceTree = BUILT_PRODUCTS_DIR; };
		C2EB3C9A289F2C3600349BBA /* DependencyInjector.docc */ = {isa = PBXFileReference; lastKnownFileType = folder.documentationcatalog; path = DependencyInjector.docc; sourceTree = "<group>"; };
		C2EB3CA0289F2C3600349BBA /* DependencyInjectorTests.xctest */ = {isa = PBXFileReference; explicitFileType = wrapper.cfbundle; includeInIndex = 0; path = DependencyInjectorTests.xctest; sourceTree = BUILT_PRODUCTS_DIR; };
		C2EB3CB1289F2D2800349BBA /* ServiceAttributes.swift */ = {isa = PBXFileReference; fileEncoding = 4; lastKnownFileType = sourcecode.swift; path = ServiceAttributes.swift; sourceTree = "<group>"; };
		C2EB3CB2289F2D2800349BBA /* ServiceKey.swift */ = {isa = PBXFileReference; fileEncoding = 4; lastKnownFileType = sourcecode.swift; path = ServiceKey.swift; sourceTree = "<group>"; };
		C2EB3CB3289F2D2800349BBA /* ObjectScope.swift */ = {isa = PBXFileReference; fileEncoding = 4; lastKnownFileType = sourcecode.swift; path = ObjectScope.swift; sourceTree = "<group>"; };
		C2EB3CB5289F2D2800349BBA /* Containing.swift */ = {isa = PBXFileReference; fileEncoding = 4; lastKnownFileType = sourcecode.swift; path = Containing.swift; sourceTree = "<group>"; };
		C2EB3CB6289F2D2800349BBA /* CacheMechanism.swift */ = {isa = PBXFileReference; fileEncoding = 4; lastKnownFileType = sourcecode.swift; path = CacheMechanism.swift; sourceTree = "<group>"; };
		C2EB3CB7289F2D2800349BBA /* ServiceAttributesProtocol.swift */ = {isa = PBXFileReference; fileEncoding = 4; lastKnownFileType = sourcecode.swift; path = ServiceAttributesProtocol.swift; sourceTree = "<group>"; };
		C2EB3CB8289F2D2800349BBA /* Resolving.swift */ = {isa = PBXFileReference; fileEncoding = 4; lastKnownFileType = sourcecode.swift; path = Resolving.swift; sourceTree = "<group>"; };
		C2EB3CB9289F2D2800349BBA /* Container.swift */ = {isa = PBXFileReference; fileEncoding = 4; lastKnownFileType = sourcecode.swift; path = Container.swift; sourceTree = "<group>"; };
		C2EB3CC2289F2D5600349BBA /* ContainerTests.swift */ = {isa = PBXFileReference; lastKnownFileType = sourcecode.swift; path = ContainerTests.swift; sourceTree = "<group>"; };
		C2EB3CC4289F2D5600349BBA /* Parent+Child.swift */ = {isa = PBXFileReference; lastKnownFileType = sourcecode.swift; path = "Parent+Child.swift"; sourceTree = "<group>"; };
		C2EB3CC5289F2D5600349BBA /* DataRetrieving.swift */ = {isa = PBXFileReference; lastKnownFileType = sourcecode.swift; path = DataRetrieving.swift; sourceTree = "<group>"; };
		C2EB3CC9289F360900349BBA /* ObjectScopeTests.swift */ = {isa = PBXFileReference; lastKnownFileType = sourcecode.swift; path = ObjectScopeTests.swift; sourceTree = "<group>"; };
		C2EB3CCB289F374200349BBA /* ContainerStorageTests.swift */ = {isa = PBXFileReference; lastKnownFileType = sourcecode.swift; path = ContainerStorageTests.swift; sourceTree = "<group>"; };
/* End PBXFileReference section */

/* Begin PBXFrameworksBuildPhase section */
		C2EB3C93289F2C3600349BBA /* Frameworks */ = {
			isa = PBXFrameworksBuildPhase;
			buildActionMask = 2147483647;
			files = (
			);
			runOnlyForDeploymentPostprocessing = 0;
		};
		C2EB3C9D289F2C3600349BBA /* Frameworks */ = {
			isa = PBXFrameworksBuildPhase;
			buildActionMask = 2147483647;
			files = (
				C2EB3CA1289F2C3600349BBA /* DependencyInjector.framework in Frameworks */,
			);
			runOnlyForDeploymentPostprocessing = 0;
		};
/* End PBXFrameworksBuildPhase section */

/* Begin PBXGroup section */
		C2EB3C8C289F2C3600349BBA = {
			isa = PBXGroup;
			children = (
				C2EB3C98289F2C3600349BBA /* DependencyInjector */,
				C2EB3CA4289F2C3600349BBA /* DependencyInjectorTests */,
				C2EB3C97289F2C3600349BBA /* Products */,
			);
			sourceTree = "<group>";
		};
		C2EB3C97289F2C3600349BBA /* Products */ = {
			isa = PBXGroup;
			children = (
				C2EB3C96289F2C3600349BBA /* DependencyInjector.framework */,
				C2EB3CA0289F2C3600349BBA /* DependencyInjectorTests.xctest */,
			);
			name = Products;
			sourceTree = "<group>";
		};
		C2EB3C98289F2C3600349BBA /* DependencyInjector */ = {
			isa = PBXGroup;
			children = (
				C2EB3C9A289F2C3600349BBA /* DependencyInjector.docc */,
				C2EB3CB9289F2D2800349BBA /* Container.swift */,
				C2EB3CB0289F2D2800349BBA /* Models */,
			);
			name = DependencyInjector;
			path = Sources/DependencyInjector;
			sourceTree = "<group>";
		};
		C2EB3CA4289F2C3600349BBA /* DependencyInjectorTests */ = {
			isa = PBXGroup;
			children = (
				C2EB3CC2289F2D5600349BBA /* ContainerTests.swift */,
				C2EB3CC9289F360900349BBA /* ObjectScopeTests.swift */,
				C2EB3CCB289F374200349BBA /* ContainerStorageTests.swift */,
				C2EB3CC3289F2D5600349BBA /* Mocks */,
			);
			name = DependencyInjectorTests;
			path = Tests/DependencyInjectorTests;
			sourceTree = "<group>";
		};
		C2EB3CB0289F2D2800349BBA /* Models */ = {
			isa = PBXGroup;
			children = (
				C2EB3CB4289F2D2800349BBA /* Protocols */,
				C2EB3CB1289F2D2800349BBA /* ServiceAttributes.swift */,
				C2EB3CB2289F2D2800349BBA /* ServiceKey.swift */,
				C2EB3CB3289F2D2800349BBA /* ObjectScope.swift */,
			);
			path = Models;
			sourceTree = "<group>";
		};
		C2EB3CB4289F2D2800349BBA /* Protocols */ = {
			isa = PBXGroup;
			children = (
				C2EB3CB5289F2D2800349BBA /* Containing.swift */,
				C2EB3CB6289F2D2800349BBA /* CacheMechanism.swift */,
				C2EB3CB7289F2D2800349BBA /* ServiceAttributesProtocol.swift */,
				C2EB3CB8289F2D2800349BBA /* Resolving.swift */,
			);
			path = Protocols;
			sourceTree = "<group>";
		};
		C2EB3CC3289F2D5600349BBA /* Mocks */ = {
			isa = PBXGroup;
			children = (
				C2EB3CC4289F2D5600349BBA /* Parent+Child.swift */,
				C2EB3CC5289F2D5600349BBA /* DataRetrieving.swift */,
			);
			path = Mocks;
			sourceTree = "<group>";
		};
/* End PBXGroup section */

/* Begin PBXHeadersBuildPhase section */
		C2EB3C91289F2C3600349BBA /* Headers */ = {
			isa = PBXHeadersBuildPhase;
			buildActionMask = 2147483647;
			files = (
			);
			runOnlyForDeploymentPostprocessing = 0;
		};
/* End PBXHeadersBuildPhase section */

/* Begin PBXNativeTarget section */
		C2EB3C95289F2C3600349BBA /* DependencyInjector */ = {
			isa = PBXNativeTarget;
			buildConfigurationList = C2EB3CAA289F2C3600349BBA /* Build configuration list for PBXNativeTarget "DependencyInjector" */;
			buildPhases = (
				C2EB3C91289F2C3600349BBA /* Headers */,
				C2EB3C92289F2C3600349BBA /* Sources */,
				C2EB3C93289F2C3600349BBA /* Frameworks */,
				C2EB3C94289F2C3600349BBA /* Resources */,
			);
			buildRules = (
			);
			dependencies = (
			);
			name = DependencyInjector;
			productName = DependencyInjector;
			productReference = C2EB3C96289F2C3600349BBA /* DependencyInjector.framework */;
			productType = "com.apple.product-type.framework";
		};
		C2EB3C9F289F2C3600349BBA /* DependencyInjectorTests */ = {
			isa = PBXNativeTarget;
			buildConfigurationList = C2EB3CAD289F2C3600349BBA /* Build configuration list for PBXNativeTarget "DependencyInjectorTests" */;
			buildPhases = (
				C2EB3C9C289F2C3600349BBA /* Sources */,
				C2EB3C9D289F2C3600349BBA /* Frameworks */,
				C2EB3C9E289F2C3600349BBA /* Resources */,
			);
			buildRules = (
			);
			dependencies = (
				C2EB3CA3289F2C3600349BBA /* PBXTargetDependency */,
			);
			name = DependencyInjectorTests;
			productName = DependencyInjectorTests;
			productReference = C2EB3CA0289F2C3600349BBA /* DependencyInjectorTests.xctest */;
			productType = "com.apple.product-type.bundle.unit-test";
		};
/* End PBXNativeTarget section */

/* Begin PBXProject section */
		C2EB3C8D289F2C3600349BBA /* Project object */ = {
			isa = PBXProject;
			attributes = {
				BuildIndependentTargetsInParallel = 1;
				LastSwiftUpdateCheck = 1340;
				LastUpgradeCheck = 1340;
				TargetAttributes = {
					C2EB3C95289F2C3600349BBA = {
						CreatedOnToolsVersion = 13.4.1;
					};
					C2EB3C9F289F2C3600349BBA = {
						CreatedOnToolsVersion = 13.4.1;
					};
					C2EB3D55289F3E4500349BBA = {
						CreatedOnToolsVersion = 13.4.1;
					};
				};
			};
			buildConfigurationList = C2EB3C90289F2C3600349BBA /* Build configuration list for PBXProject "DependencyInjector" */;
			compatibilityVersion = "Xcode 13.0";
			developmentRegion = en;
			hasScannedForEncodings = 0;
			knownRegions = (
				en,
				Base,
			);
			mainGroup = C2EB3C8C289F2C3600349BBA;
			productRefGroup = C2EB3C97289F2C3600349BBA /* Products */;
			projectDirPath = "";
			projectRoot = "";
			targets = (
				C2EB3C95289F2C3600349BBA /* DependencyInjector */,
				C2EB3D55289F3E4500349BBA /* DependencyInjector-Aggregate */,
				C2EB3C9F289F2C3600349BBA /* DependencyInjectorTests */,
			);
		};
/* End PBXProject section */

/* Begin PBXResourcesBuildPhase section */
		C2EB3C94289F2C3600349BBA /* Resources */ = {
			isa = PBXResourcesBuildPhase;
			buildActionMask = 2147483647;
			files = (
			);
			runOnlyForDeploymentPostprocessing = 0;
		};
		C2EB3C9E289F2C3600349BBA /* Resources */ = {
			isa = PBXResourcesBuildPhase;
			buildActionMask = 2147483647;
			files = (
			);
			runOnlyForDeploymentPostprocessing = 0;
		};
/* End PBXResourcesBuildPhase section */

/* Begin PBXShellScriptBuildPhase section */
		C2EB3D59289F3E5C00349BBA /* ShellScript */ = {
			isa = PBXShellScriptBuildPhase;
			buildActionMask = 2147483647;
			files = (
			);
			inputFileListPaths = (
			);
			inputPaths = (
			);
			outputFileListPaths = (
			);
			outputPaths = (
			);
			runOnlyForDeploymentPostprocessing = 0;
			shellPath = /bin/sh;
			shellScript = "# make the xcframework from the simulator and iOS packages\nxcodebuild -create-xcframework -framework \"${BUILD_DIR}/${CONFIGURATION}-iphoneos/DependencyInjector.framework\" -framework \"${BUILD_DIR}/${CONFIGURATION}-iphonesimulator/DependencyInjector.framework\" -output \"${BUILD_DIR}/DependencyInjector.xcframework\" \n\n# open the project's directory in Finder so you can copy your xcframework\n\nopen \"${BUILD_DIR}\"\n";
		};
/* End PBXShellScriptBuildPhase section */

/* Begin PBXSourcesBuildPhase section */
		C2EB3C92289F2C3600349BBA /* Sources */ = {
			isa = PBXSourcesBuildPhase;
			buildActionMask = 2147483647;
			files = (
				C2EB3CBE289F2D2800349BBA /* CacheMechanism.swift in Sources */,
				C2EB3CBA289F2D2800349BBA /* ServiceAttributes.swift in Sources */,
				C2EB3CBD289F2D2800349BBA /* Containing.swift in Sources */,
				C2EB3CC0289F2D2800349BBA /* Resolving.swift in Sources */,
				C2EB3CBC289F2D2800349BBA /* ObjectScope.swift in Sources */,
				C2EB3CBF289F2D2800349BBA /* ServiceAttributesProtocol.swift in Sources */,
				C2EB3C9B289F2C3600349BBA /* DependencyInjector.docc in Sources */,
				C2EB3CC1289F2D2800349BBA /* Container.swift in Sources */,
				C2EB3CBB289F2D2800349BBA /* ServiceKey.swift in Sources */,
			);
			runOnlyForDeploymentPostprocessing = 0;
		};
		C2EB3C9C289F2C3600349BBA /* Sources */ = {
			isa = PBXSourcesBuildPhase;
			buildActionMask = 2147483647;
			files = (
				C2EB3CC7289F2D6700349BBA /* Parent+Child.swift in Sources */,
				C2EB3CCA289F360900349BBA /* ObjectScopeTests.swift in Sources */,
				C2EB3CCC289F374200349BBA /* ContainerStorageTests.swift in Sources */,
				C2EB3CC6289F2D5600349BBA /* ContainerTests.swift in Sources */,
				C2EB3CC8289F2D6A00349BBA /* DataRetrieving.swift in Sources */,
			);
			runOnlyForDeploymentPostprocessing = 0;
		};
/* End PBXSourcesBuildPhase section */

/* Begin PBXTargetDependency section */
		C2EB3CA3289F2C3600349BBA /* PBXTargetDependency */ = {
			isa = PBXTargetDependency;
			target = C2EB3C95289F2C3600349BBA /* DependencyInjector */;
			targetProxy = C2EB3CA2289F2C3600349BBA /* PBXContainerItemProxy */;
		};
		C2EB3D5B289F3E8D00349BBA /* PBXTargetDependency */ = {
			isa = PBXTargetDependency;
			target = C2EB3C95289F2C3600349BBA /* DependencyInjector */;
			targetProxy = C2EB3D5A289F3E8D00349BBA /* PBXContainerItemProxy */;
		};
/* End PBXTargetDependency section */

/* Begin XCBuildConfiguration section */
		C2EB3CA8289F2C3600349BBA /* Debug */ = {
			isa = XCBuildConfiguration;
			buildSettings = {
				ALWAYS_SEARCH_USER_PATHS = NO;
				CLANG_ANALYZER_NONNULL = YES;
				CLANG_ANALYZER_NUMBER_OBJECT_CONVERSION = YES_AGGRESSIVE;
				CLANG_CXX_LANGUAGE_STANDARD = "gnu++17";
				CLANG_ENABLE_MODULES = YES;
				CLANG_ENABLE_OBJC_ARC = YES;
				CLANG_ENABLE_OBJC_WEAK = YES;
				CLANG_WARN_BLOCK_CAPTURE_AUTORELEASING = YES;
				CLANG_WARN_BOOL_CONVERSION = YES;
				CLANG_WARN_COMMA = YES;
				CLANG_WARN_CONSTANT_CONVERSION = YES;
				CLANG_WARN_DEPRECATED_OBJC_IMPLEMENTATIONS = YES;
				CLANG_WARN_DIRECT_OBJC_ISA_USAGE = YES_ERROR;
				CLANG_WARN_DOCUMENTATION_COMMENTS = YES;
				CLANG_WARN_EMPTY_BODY = YES;
				CLANG_WARN_ENUM_CONVERSION = YES;
				CLANG_WARN_INFINITE_RECURSION = YES;
				CLANG_WARN_INT_CONVERSION = YES;
				CLANG_WARN_NON_LITERAL_NULL_CONVERSION = YES;
				CLANG_WARN_OBJC_IMPLICIT_RETAIN_SELF = YES;
				CLANG_WARN_OBJC_LITERAL_CONVERSION = YES;
				CLANG_WARN_OBJC_ROOT_CLASS = YES_ERROR;
				CLANG_WARN_QUOTED_INCLUDE_IN_FRAMEWORK_HEADER = YES;
				CLANG_WARN_RANGE_LOOP_ANALYSIS = YES;
				CLANG_WARN_STRICT_PROTOTYPES = YES;
				CLANG_WARN_SUSPICIOUS_MOVE = YES;
				CLANG_WARN_UNGUARDED_AVAILABILITY = YES_AGGRESSIVE;
				CLANG_WARN_UNREACHABLE_CODE = YES;
				CLANG_WARN__DUPLICATE_METHOD_MATCH = YES;
				COPY_PHASE_STRIP = NO;
				CURRENT_PROJECT_VERSION = 1;
				DEBUG_INFORMATION_FORMAT = dwarf;
				ENABLE_STRICT_OBJC_MSGSEND = YES;
				ENABLE_TESTABILITY = YES;
				GCC_C_LANGUAGE_STANDARD = gnu11;
				GCC_DYNAMIC_NO_PIC = NO;
				GCC_NO_COMMON_BLOCKS = YES;
				GCC_OPTIMIZATION_LEVEL = 0;
				GCC_PREPROCESSOR_DEFINITIONS = (
					"DEBUG=1",
					"$(inherited)",
				);
				GCC_WARN_64_TO_32_BIT_CONVERSION = YES;
				GCC_WARN_ABOUT_RETURN_TYPE = YES_ERROR;
				GCC_WARN_UNDECLARED_SELECTOR = YES;
				GCC_WARN_UNINITIALIZED_AUTOS = YES_AGGRESSIVE;
				GCC_WARN_UNUSED_FUNCTION = YES;
				GCC_WARN_UNUSED_VARIABLE = YES;
				IPHONEOS_DEPLOYMENT_TARGET = 15.5;
				MTL_ENABLE_DEBUG_INFO = INCLUDE_SOURCE;
				MTL_FAST_MATH = YES;
				ONLY_ACTIVE_ARCH = YES;
				SDKROOT = iphoneos;
				SWIFT_ACTIVE_COMPILATION_CONDITIONS = DEBUG;
				SWIFT_OPTIMIZATION_LEVEL = "-Onone";
				VERSIONING_SYSTEM = "apple-generic";
				VERSION_INFO_PREFIX = "";
			};
			name = Debug;
		};
		C2EB3CA9289F2C3600349BBA /* Release */ = {
			isa = XCBuildConfiguration;
			buildSettings = {
				ALWAYS_SEARCH_USER_PATHS = NO;
				CLANG_ANALYZER_NONNULL = YES;
				CLANG_ANALYZER_NUMBER_OBJECT_CONVERSION = YES_AGGRESSIVE;
				CLANG_CXX_LANGUAGE_STANDARD = "gnu++17";
				CLANG_ENABLE_MODULES = YES;
				CLANG_ENABLE_OBJC_ARC = YES;
				CLANG_ENABLE_OBJC_WEAK = YES;
				CLANG_WARN_BLOCK_CAPTURE_AUTORELEASING = YES;
				CLANG_WARN_BOOL_CONVERSION = YES;
				CLANG_WARN_COMMA = YES;
				CLANG_WARN_CONSTANT_CONVERSION = YES;
				CLANG_WARN_DEPRECATED_OBJC_IMPLEMENTATIONS = YES;
				CLANG_WARN_DIRECT_OBJC_ISA_USAGE = YES_ERROR;
				CLANG_WARN_DOCUMENTATION_COMMENTS = YES;
				CLANG_WARN_EMPTY_BODY = YES;
				CLANG_WARN_ENUM_CONVERSION = YES;
				CLANG_WARN_INFINITE_RECURSION = YES;
				CLANG_WARN_INT_CONVERSION = YES;
				CLANG_WARN_NON_LITERAL_NULL_CONVERSION = YES;
				CLANG_WARN_OBJC_IMPLICIT_RETAIN_SELF = YES;
				CLANG_WARN_OBJC_LITERAL_CONVERSION = YES;
				CLANG_WARN_OBJC_ROOT_CLASS = YES_ERROR;
				CLANG_WARN_QUOTED_INCLUDE_IN_FRAMEWORK_HEADER = YES;
				CLANG_WARN_RANGE_LOOP_ANALYSIS = YES;
				CLANG_WARN_STRICT_PROTOTYPES = YES;
				CLANG_WARN_SUSPICIOUS_MOVE = YES;
				CLANG_WARN_UNGUARDED_AVAILABILITY = YES_AGGRESSIVE;
				CLANG_WARN_UNREACHABLE_CODE = YES;
				CLANG_WARN__DUPLICATE_METHOD_MATCH = YES;
				COPY_PHASE_STRIP = NO;
				CURRENT_PROJECT_VERSION = 1;
				DEBUG_INFORMATION_FORMAT = "dwarf-with-dsym";
				ENABLE_NS_ASSERTIONS = NO;
				ENABLE_STRICT_OBJC_MSGSEND = YES;
				GCC_C_LANGUAGE_STANDARD = gnu11;
				GCC_NO_COMMON_BLOCKS = YES;
				GCC_WARN_64_TO_32_BIT_CONVERSION = YES;
				GCC_WARN_ABOUT_RETURN_TYPE = YES_ERROR;
				GCC_WARN_UNDECLARED_SELECTOR = YES;
				GCC_WARN_UNINITIALIZED_AUTOS = YES_AGGRESSIVE;
				GCC_WARN_UNUSED_FUNCTION = YES;
				GCC_WARN_UNUSED_VARIABLE = YES;
				IPHONEOS_DEPLOYMENT_TARGET = 15.5;
				MTL_ENABLE_DEBUG_INFO = NO;
				MTL_FAST_MATH = YES;
				SDKROOT = iphoneos;
				SWIFT_COMPILATION_MODE = wholemodule;
				SWIFT_OPTIMIZATION_LEVEL = "-O";
				VALIDATE_PRODUCT = YES;
				VERSIONING_SYSTEM = "apple-generic";
				VERSION_INFO_PREFIX = "";
			};
			name = Release;
		};
		C2EB3CAB289F2C3600349BBA /* Debug */ = {
			isa = XCBuildConfiguration;
			buildSettings = {
				BUILD_LIBRARY_FOR_DISTRIBUTION = YES;
				CODE_SIGN_STYLE = Automatic;
				CURRENT_PROJECT_VERSION = 1;
				DEFINES_MODULE = YES;
				DEVELOPMENT_TEAM = RSQ3955BR9;
				DYLIB_COMPATIBILITY_VERSION = 1;
				DYLIB_CURRENT_VERSION = 1;
				DYLIB_INSTALL_NAME_BASE = "@rpath";
				GENERATE_INFOPLIST_FILE = YES;
				INFOPLIST_KEY_NSHumanReadableCopyright = "";
				INSTALL_PATH = "$(LOCAL_LIBRARY_DIR)/Frameworks";
				LD_RUNPATH_SEARCH_PATHS = (
					"$(inherited)",
					"@executable_path/Frameworks",
					"@loader_path/Frameworks",
				);
				MARKETING_VERSION = 1.0;
				PRODUCT_BUNDLE_IDENTIFIER = com.manjukiran.DependencyInjector;
				PRODUCT_NAME = "$(TARGET_NAME:c99extidentifier)";
				SKIP_INSTALL = YES;
				SWIFT_EMIT_LOC_STRINGS = YES;
				SWIFT_VERSION = 5.0;
				TARGETED_DEVICE_FAMILY = "1,2";
			};
			name = Debug;
		};
		C2EB3CAC289F2C3600349BBA /* Release */ = {
			isa = XCBuildConfiguration;
			buildSettings = {
				BUILD_LIBRARY_FOR_DISTRIBUTION = YES;
				CODE_SIGN_STYLE = Automatic;
				CURRENT_PROJECT_VERSION = 1;
				DEFINES_MODULE = YES;
				DEVELOPMENT_TEAM = RSQ3955BR9;
				DYLIB_COMPATIBILITY_VERSION = 1;
				DYLIB_CURRENT_VERSION = 1;
				DYLIB_INSTALL_NAME_BASE = "@rpath";
				GENERATE_INFOPLIST_FILE = YES;
				INFOPLIST_KEY_NSHumanReadableCopyright = "";
				INSTALL_PATH = "$(LOCAL_LIBRARY_DIR)/Frameworks";
				LD_RUNPATH_SEARCH_PATHS = (
					"$(inherited)",
					"@executable_path/Frameworks",
					"@loader_path/Frameworks",
				);
				MARKETING_VERSION = 1.0;
				PRODUCT_BUNDLE_IDENTIFIER = com.manjukiran.DependencyInjector;
				PRODUCT_NAME = "$(TARGET_NAME:c99extidentifier)";
				SKIP_INSTALL = YES;
				SWIFT_EMIT_LOC_STRINGS = YES;
				SWIFT_VERSION = 5.0;
				TARGETED_DEVICE_FAMILY = "1,2";
			};
			name = Release;
		};
		C2EB3CAE289F2C3600349BBA /* Debug */ = {
			isa = XCBuildConfiguration;
			buildSettings = {
				ALWAYS_EMBED_SWIFT_STANDARD_LIBRARIES = YES;
				CODE_SIGN_STYLE = Automatic;
				CURRENT_PROJECT_VERSION = 1;
				DEVELOPMENT_TEAM = RSQ3955BR9;
				GENERATE_INFOPLIST_FILE = YES;
				MARKETING_VERSION = 1.0;
				PRODUCT_BUNDLE_IDENTIFIER = com.manjukiran.DependencyInjectorTests;
				PRODUCT_NAME = "$(TARGET_NAME)";
				SWIFT_EMIT_LOC_STRINGS = NO;
				SWIFT_VERSION = 5.0;
				TARGETED_DEVICE_FAMILY = "1,2";
			};
			name = Debug;
		};
		C2EB3CAF289F2C3600349BBA /* Release */ = {
			isa = XCBuildConfiguration;
			buildSettings = {
				ALWAYS_EMBED_SWIFT_STANDARD_LIBRARIES = YES;
				CODE_SIGN_STYLE = Automatic;
				CURRENT_PROJECT_VERSION = 1;
				DEVELOPMENT_TEAM = RSQ3955BR9;
				GENERATE_INFOPLIST_FILE = YES;
				MARKETING_VERSION = 1.0;
				PRODUCT_BUNDLE_IDENTIFIER = com.manjukiran.DependencyInjectorTests;
				PRODUCT_NAME = "$(TARGET_NAME)";
				SWIFT_EMIT_LOC_STRINGS = NO;
				SWIFT_VERSION = 5.0;
				TARGETED_DEVICE_FAMILY = "1,2";
			};
			name = Release;
		};
		C2EB3D57289F3E4500349BBA /* Debug */ = {
			isa = XCBuildConfiguration;
			buildSettings = {
				CODE_SIGN_STYLE = Automatic;
				DEVELOPMENT_TEAM = RSQ3955BR9;
				PRODUCT_NAME = "$(TARGET_NAME)";
			};
			name = Debug;
		};
		C2EB3D58289F3E4500349BBA /* Release */ = {
			isa = XCBuildConfiguration;
			buildSettings = {
				CODE_SIGN_STYLE = Automatic;
				DEVELOPMENT_TEAM = RSQ3955BR9;
				PRODUCT_NAME = "$(TARGET_NAME)";
			};
			name = Release;
		};
/* End XCBuildConfiguration section */

/* Begin XCConfigurationList section */
		C2EB3C90289F2C3600349BBA /* Build configuration list for PBXProject "DependencyInjector" */ = {
			isa = XCConfigurationList;
			buildConfigurations = (
				C2EB3CA8289F2C3600349BBA /* Debug */,
				C2EB3CA9289F2C3600349BBA /* Release */,
			);
			defaultConfigurationIsVisible = 0;
			defaultConfigurationName = Release;
		};
		C2EB3CAA289F2C3600349BBA /* Build configuration list for PBXNativeTarget "DependencyInjector" */ = {
			isa = XCConfigurationList;
			buildConfigurations = (
				C2EB3CAB289F2C3600349BBA /* Debug */,
				C2EB3CAC289F2C3600349BBA /* Release */,
			);
			defaultConfigurationIsVisible = 0;
			defaultConfigurationName = Release;
		};
		C2EB3CAD289F2C3600349BBA /* Build configuration list for PBXNativeTarget "DependencyInjectorTests" */ = {
			isa = XCConfigurationList;
			buildConfigurations = (
				C2EB3CAE289F2C3600349BBA /* Debug */,
				C2EB3CAF289F2C3600349BBA /* Release */,
			);
			defaultConfigurationIsVisible = 0;
			defaultConfigurationName = Release;
		};
		C2EB3D56289F3E4500349BBA /* Build configuration list for PBXAggregateTarget "DependencyInjector-Aggregate" */ = {
			isa = XCConfigurationList;
			buildConfigurations = (
				C2EB3D57289F3E4500349BBA /* Debug */,
				C2EB3D58289F3E4500349BBA /* Release */,
			);
			defaultConfigurationIsVisible = 0;
			defaultConfigurationName = Release;
		};
/* End XCConfigurationList section */
	};
	rootObject = C2EB3C8D289F2C3600349BBA /* Project object */;
}
